
Microsoft Visual Studio Solution File, Format Version 11.00
# Visual Studio 2010
Project("{FAE04EC0-301F-11D3-BF4B-00C04F79EFBC}") = "Assembly-CSharp", "Assembly-CSharp.csproj", "{9C012E88-F38D-7087-E262-4957876D0915}"
EndProject
Project("{FAE04EC0-301F-11D3-BF4B-00C04F79EFBC}") = "BarnoGames", "BarnoGames.csproj", "{D3656606-EBC6-DBFE-054C-8A91E8FF83F8}"
EndProject
Project("{FAE04EC0-301F-11D3-BF4B-00C04F79EFBC}") = "Assembly-CSharp-firstpass", "Assembly-CSharp-firstpass.csproj", "{7067C804-EA7F-7790-7FB5-A675263DFA69}"
EndProject
Project("{FAE04EC0-301F-11D3-BF4B-00C04F79EFBC}") = "Assembly-CSharp-Editor", "Assembly-CSharp-Editor.csproj", "{22A627AB-19B4-AE25-211E-6DB03027FE13}"
EndProject
Global
	GlobalSection(SolutionConfigurationPlatforms) = preSolution
		Debug|Any CPU = Debug|Any CPU
		Release|Any CPU = Release|Any CPU
	EndGlobalSection
	GlobalSection(ProjectConfigurationPlatforms) = postSolution
		{9C012E88-F38D-7087-E262-4957876D0915}.Debug|Any CPU.ActiveCfg = Debug|Any CPU
		{9C012E88-F38D-7087-E262-4957876D0915}.Debug|Any CPU.Build.0 = Debug|Any CPU
		{9C012E88-F38D-7087-E262-4957876D0915}.Release|Any CPU.ActiveCfg = Release|Any CPU
		{9C012E88-F38D-7087-E262-4957876D0915}.Release|Any CPU.Build.0 = Release|Any CPU
		{D3656606-EBC6-DBFE-054C-8A91E8FF83F8}.Debug|Any CPU.ActiveCfg = Debug|Any CPU
		{D3656606-EBC6-DBFE-054C-8A91E8FF83F8}.Debug|Any CPU.Build.0 = Debug|Any CPU
		{D3656606-EBC6-DBFE-054C-8A91E8FF83F8}.Release|Any CPU.ActiveCfg = Release|Any CPU
		{D3656606-EBC6-DBFE-054C-8A91E8FF83F8}.Release|Any CPU.Build.0 = Release|Any CPU
		{7067C804-EA7F-7790-7FB5-A675263DFA69}.Debug|Any CPU.ActiveCfg = Debug|Any CPU
		{7067C804-EA7F-7790-7FB5-A675263DFA69}.Debug|Any CPU.Build.0 = Debug|Any CPU
		{7067C804-EA7F-7790-7FB5-A675263DFA69}.Release|Any CPU.ActiveCfg = Release|Any CPU
		{7067C804-EA7F-7790-7FB5-A675263DFA69}.Release|Any CPU.Build.0 = Release|Any CPU
		{22A627AB-19B4-AE25-211E-6DB03027FE13}.Debug|Any CPU.ActiveCfg = Debug|Any CPU
		{22A627AB-19B4-AE25-211E-6DB03027FE13}.Debug|Any CPU.Build.0 = Debug|Any CPU
		{22A627AB-19B4-AE25-211E-6DB03027FE13}.Release|Any CPU.ActiveCfg = Release|Any CPU
		{22A627AB-19B4-AE25-211E-6DB03027FE13}.Release|Any CPU.Build.0 = Release|Any CPU
	EndGlobalSection
	GlobalSection(SolutionProperties) = preSolution
		HideSolutionNode = FALSE
	EndGlobalSection
EndGlobal
